
Microsoft Visual Studio Solution File, Format Version 12.00
# Visual Studio Version 17
VisualStudioVersion = 17.8.34408.163
MinimumVisualStudioVersion = 10.0.40219.1
Project("{FAE04EC0-301F-11D3-BF4B-00C04F79EFBC}") = "MatematikaLibraries", "MatematikaLibraries\MatematikaLibraries.csproj", "{689A351D-4316-4BF8-A69C-B32C484A5E90}"
EndProject
Project("{FAE04EC0-301F-11D3-BF4B-00C04F79EFBC}") = "MainProgram", "MainProgram\MainProgram.csproj", "{19047E1B-A16B-4713-818A-91F4645BF6DD}"
EndProject
Global
	GlobalSection(SolutionConfigurationPlatforms) = preSolution
		Debug|Any CPU = Debug|Any CPU
		Release|Any CPU = Release|Any CPU
	EndGlobalSection
	GlobalSection(ProjectConfigurationPlatforms) = postSolution
		{689A351D-4316-4BF8-A69C-B32C484A5E90}.Debug|Any CPU.ActiveCfg = Debug|Any CPU
		{689A351D-4316-4BF8-A69C-B32C484A5E90}.Debug|Any CPU.Build.0 = Debug|Any CPU
		{689A351D-4316-4BF8-A69C-B32C484A5E90}.Release|Any CPU.ActiveCfg = Release|Any CPU
		{689A351D-4316-4BF8-A69C-B32C484A5E90}.Release|Any CPU.Build.0 = Release|Any CPU
		{19047E1B-A16B-4713-818A-91F4645BF6DD}.Debug|Any CPU.ActiveCfg = Debug|Any CPU
		{19047E1B-A16B-4713-818A-91F4645BF6DD}.Debug|Any CPU.Build.0 = Debug|Any CPU
		{19047E1B-A16B-4713-818A-91F4645BF6DD}.Release|Any CPU.ActiveCfg = Release|Any CPU
		{19047E1B-A16B-4713-818A-91F4645BF6DD}.Release|Any CPU.Build.0 = Release|Any CPU
	EndGlobalSection
	GlobalSection(SolutionProperties) = preSolution
		HideSolutionNode = FALSE
	EndGlobalSection
	GlobalSection(ExtensibilityGlobals) = postSolution
		SolutionGuid = {255BBAAE-B094-42FD-B1AE-D99C6C5B1373}
	EndGlobalSection
EndGlobal
